
Microsoft Visual Studio Solution File, Format Version 11.00
# Visual Studio 2010
Project("{FAE04EC0-301F-11D3-BF4B-00C04F79EFBC}") = "Country Specific Alarm", "Country Specific Alarm\Country Specific Alarm.csproj", "{462CCC12-8C3F-4983-8D41-D396B9CC4842}"
EndProject
Global
	GlobalSection(SolutionConfigurationPlatforms) = preSolution
		Debug|Any CPU = Debug|Any CPU
		Release|Any CPU = Release|Any CPU
	EndGlobalSection
	GlobalSection(ProjectConfigurationPlatforms) = postSolution
		{462CCC12-8C3F-4983-8D41-D396B9CC4842}.Debug|Any CPU.ActiveCfg = Debug|Any CPU
		{462CCC12-8C3F-4983-8D41-D396B9CC4842}.Debug|Any CPU.Build.0 = Debug|Any CPU
		{462CCC12-8C3F-4983-8D41-D396B9CC4842}.Debug|Any CPU.Deploy.0 = Debug|Any CPU
		{462CCC12-8C3F-4983-8D41-D396B9CC4842}.Release|Any CPU.ActiveCfg = Release|Any CPU
		{462CCC12-8C3F-4983-8D41-D396B9CC4842}.Release|Any CPU.Build.0 = Release|Any CPU
		{462CCC12-8C3F-4983-8D41-D396B9CC4842}.Release|Any CPU.Deploy.0 = Release|Any CPU
	EndGlobalSection
	GlobalSection(SolutionProperties) = preSolution
		HideSolutionNode = FALSE
	EndGlobalSection
EndGlobal
